
Microsoft Visual Studio Solution File, Format Version 12.00
# Visual Studio Version 17
VisualStudioVersion = 17.7.34024.191
MinimumVisualStudioVersion = 10.0.40219.1
Project("{FAE04EC0-301F-11D3-BF4B-00C04F79EFBC}") = "RhManagementApi", "RhManagementApi.csproj", "{E9258852-0FA7-4855-9AF2-A0C8BEBF074F}"
EndProject
Global
	GlobalSection(SolutionConfigurationPlatforms) = preSolution
		Debug|Any CPU = Debug|Any CPU
		Release|Any CPU = Release|Any CPU
	EndGlobalSection
	GlobalSection(ProjectConfigurationPlatforms) = postSolution
		{E9258852-0FA7-4855-9AF2-A0C8BEBF074F}.Debug|Any CPU.ActiveCfg = Debug|Any CPU
		{E9258852-0FA7-4855-9AF2-A0C8BEBF074F}.Debug|Any CPU.Build.0 = Debug|Any CPU
		{E9258852-0FA7-4855-9AF2-A0C8BEBF074F}.Release|Any CPU.ActiveCfg = Release|Any CPU
		{E9258852-0FA7-4855-9AF2-A0C8BEBF074F}.Release|Any CPU.Build.0 = Release|Any CPU
	EndGlobalSection
	GlobalSection(SolutionProperties) = preSolution
		HideSolutionNode = FALSE
	EndGlobalSection
	GlobalSection(ExtensibilityGlobals) = postSolution
		SolutionGuid = {8C686D1F-30E7-4E1E-9B67-E0CE47898814}
	EndGlobalSection
EndGlobal
